{
  "name": "jb-style-mobile",
  "version": "0.0.1",
  "lockfileVersion": 1,
  "requires": true,
  "dependencies": {
    "jb-style": {
      "version": "0.0.10",
      "resolved": "https://registry.npm.taobao.org/jb-style/download/jb-style-0.0.10.tgz",
      "integrity": "sha1-WKmgujDXRBQOHqJoL7eccQyRA1k="
    }
  }
}
